{
  "name": "s4061654-s4045150-a2",
  "lockfileVersion": 3,
  "requires": true,
  "packages": {
    "": {
      "dependencies": {
        "bcrypt-ts": "^7.0.0"
      }
    },
    "node_modules/bcrypt-ts": {
      "version": "7.0.0",
      "resolved": "https://registry.npmjs.org/bcrypt-ts/-/bcrypt-ts-7.0.0.tgz",
      "integrity": "sha512-JMr30sbKPwF+2TccaNOYJuDx+nCmnTvHGB2rwkj+To/xZhBTX9f8zpTqGy3kpkS26KWOEYPsQlOJ5MVD00RHQQ==",
      "license": "MIT",
      "engines": {
        "node": ">=20"
      }
    }
  }
}
